// !$*UTF8*$!
{
	archiveVersion = 1;
	classes = {
	};
	objectVersion = 56;
	objects = {

/* Begin PBXBuildFile section */
		A42254D32BA3ABD1004EBF0C /* AppDelegate.swift in Sources */ = {isa = PBXBuildFile; fileRef = A42254D22BA3ABD1004EBF0C /* AppDelegate.swift */; };
		A42254D52BA3ABD1004EBF0C /* SceneDelegate.swift in Sources */ = {isa = PBXBuildFile; fileRef = A42254D42BA3ABD1004EBF0C /* SceneDelegate.swift */; };
		A42254D72BA3ABD1004EBF0C /* ViewController.swift in Sources */ = {isa = PBXBuildFile; fileRef = A42254D62BA3ABD1004EBF0C /* ViewController.swift */; };
		A42254DA2BA3ABD1004EBF0C /* Base in Resources */ = {isa = PBXBuildFile; fileRef = A42254D92BA3ABD1004EBF0C /* Base */; };
		A42254DF2BA3ABD2004EBF0C /* Base in Resources */ = {isa = PBXBuildFile; fileRef = A42254DE2BA3ABD2004EBF0C /* Base */; };
		A42254EA2BA3ABD3004EBF0C /* IMP_CalculatorTests.swift in Sources */ = {isa = PBXBuildFile; fileRef = A42254E92BA3ABD3004EBF0C /* IMP_CalculatorTests.swift */; };
		A42254F42BA3ABD3004EBF0C /* IMP_CalculatorUITests.swift in Sources */ = {isa = PBXBuildFile; fileRef = A42254F32BA3ABD3004EBF0C /* IMP_CalculatorUITests.swift */; };
		A42254F62BA3ABD3004EBF0C /* IMP_CalculatorUITestsLaunchTests.swift in Sources */ = {isa = PBXBuildFile; fileRef = A42254F52BA3ABD3004EBF0C /* IMP_CalculatorUITestsLaunchTests.swift */; };
		A42E43972BA3E80D0090C4C3 /* CalculatorBrain.swift in Sources */ = {isa = PBXBuildFile; fileRef = A42E43942BA3E80D0090C4C3 /* CalculatorBrain.swift */; };
		A42E43982BA3E80D0090C4C3 /* Tables.swift in Sources */ = {isa = PBXBuildFile; fileRef = A42E43952BA3E80D0090C4C3 /* Tables.swift */; };
		A42E43A52BA3FBFE0090C4C3 /* Assets.xcassets in Resources */ = {isa = PBXBuildFile; fileRef = A42E43A42BA3FBFE0090C4C3 /* Assets.xcassets */; };
		A4D5848E2BB3340300C1814A /* ViewController.swift in Sources */ = {isa = PBXBuildFile; fileRef = A42254D62BA3ABD1004EBF0C /* ViewController.swift */; };
		A4D5848F2BB3340300C1814A /* ViewController.swift in Sources */ = {isa = PBXBuildFile; fileRef = A42254D62BA3ABD1004EBF0C /* ViewController.swift */; };
		A4D584912BB3375000C1814A /* Assets.xcassets in Resources */ = {isa = PBXBuildFile; fileRef = A4D584902BB3375000C1814A /* Assets.xcassets */; };
/* End PBXBuildFile section */

/* Begin PBXContainerItemProxy section */
		A42254E62BA3ABD3004EBF0C /* PBXContainerItemProxy */ = {
			isa = PBXContainerItemProxy;
			containerPortal = A42254C72BA3ABD1004EBF0C /* Project object */;
			proxyType = 1;
			remoteGlobalIDString = A42254CE2BA3ABD1004EBF0C;
			remoteInfo = "IMP Calculator";
		};
		A42254F02BA3ABD3004EBF0C /* PBXContainerItemProxy */ = {
			isa = PBXContainerItemProxy;
			containerPortal = A42254C72BA3ABD1004EBF0C /* Project object */;
			proxyType = 1;
			remoteGlobalIDString = A42254CE2BA3ABD1004EBF0C;
			remoteInfo = "IMP Calculator";
		};
/* End PBXContainerItemProxy section */

/* Begin PBXFileReference section */
		A42254CF2BA3ABD1004EBF0C /* IMP Calculator.app */ = {isa = PBXFileReference; explicitFileType = wrapper.application; includeInIndex = 0; path = "IMP Calculator.app"; sourceTree = BUILT_PRODUCTS_DIR; };
		A42254D22BA3ABD1004EBF0C /* AppDelegate.swift */ = {isa = PBXFileReference; lastKnownFileType = sourcecode.swift; path = AppDelegate.swift; sourceTree = "<group>"; };
		A42254D42BA3ABD1004EBF0C /* SceneDelegate.swift */ = {isa = PBXFileReference; lastKnownFileType = sourcecode.swift; path = SceneDelegate.swift; sourceTree = "<group>"; };
		A42254D62BA3ABD1004EBF0C /* ViewController.swift */ = {isa = PBXFileReference; lastKnownFileType = sourcecode.swift; path = ViewController.swift; sourceTree = "<group>"; };
		A42254D92BA3ABD1004EBF0C /* Base */ = {isa = PBXFileReference; lastKnownFileType = file.storyboard; name = Base; path = Base.lproj/Main.storyboard; sourceTree = "<group>"; };
		A42254DE2BA3ABD2004EBF0C /* Base */ = {isa = PBXFileReference; lastKnownFileType = file.storyboard; name = Base; path = Base.lproj/LaunchScreen.storyboard; sourceTree = "<group>"; };
		A42254E02BA3ABD2004EBF0C /* Info.plist */ = {isa = PBXFileReference; lastKnownFileType = text.plist.xml; path = Info.plist; sourceTree = "<group>"; };
		A42254E52BA3ABD3004EBF0C /* IMP CalculatorTests.xctest */ = {isa = PBXFileReference; explicitFileType = wrapper.cfbundle; includeInIndex = 0; path = "IMP CalculatorTests.xctest"; sourceTree = BUILT_PRODUCTS_DIR; };
		A42254E92BA3ABD3004EBF0C /* IMP_CalculatorTests.swift */ = {isa = PBXFileReference; lastKnownFileType = sourcecode.swift; path = IMP_CalculatorTests.swift; sourceTree = "<group>"; };
		A42254EF2BA3ABD3004EBF0C /* IMP CalculatorUITests.xctest */ = {isa = PBXFileReference; explicitFileType = wrapper.cfbundle; includeInIndex = 0; path = "IMP CalculatorUITests.xctest"; sourceTree = BUILT_PRODUCTS_DIR; };
		A42254F32BA3ABD3004EBF0C /* IMP_CalculatorUITests.swift */ = {isa = PBXFileReference; lastKnownFileType = sourcecode.swift; path = IMP_CalculatorUITests.swift; sourceTree = "<group>"; };
		A42254F52BA3ABD3004EBF0C /* IMP_CalculatorUITestsLaunchTests.swift */ = {isa = PBXFileReference; lastKnownFileType = sourcecode.swift; path = IMP_CalculatorUITestsLaunchTests.swift; sourceTree = "<group>"; };
		A42E43942BA3E80D0090C4C3 /* CalculatorBrain.swift */ = {isa = PBXFileReference; fileEncoding = 4; lastKnownFileType = sourcecode.swift; path = CalculatorBrain.swift; sourceTree = "<group>"; };
		A42E43952BA3E80D0090C4C3 /* Tables.swift */ = {isa = PBXFileReference; fileEncoding = 4; lastKnownFileType = sourcecode.swift; path = Tables.swift; sourceTree = "<group>"; };
		A42E43A42BA3FBFE0090C4C3 /* Assets.xcassets */ = {isa = PBXFileReference; lastKnownFileType = folder.assetcatalog; path = Assets.xcassets; sourceTree = "<group>"; };
		A4D584902BB3375000C1814A /* Assets.xcassets */ = {isa = PBXFileReference; lastKnownFileType = folder.assetcatalog; path = Assets.xcassets; sourceTree = "<group>"; };
		A4DECC0F2BB224820029CBDD /* Assets.xcassets */ = {isa = PBXFileReference; lastKnownFileType = folder.assetcatalog; name = Assets.xcassets; path = ../../temp4assets/temp4assets/Assets.xcassets; sourceTree = "<group>"; };
/* End PBXFileReference section */

/* Begin PBXFrameworksBuildPhase section */
		A42254CC2BA3ABD1004EBF0C /* Frameworks */ = {
			isa = PBXFrameworksBuildPhase;
			buildActionMask = 2147483647;
			files = (
			);
			runOnlyForDeploymentPostprocessing = 0;
		};
		A42254E22BA3ABD3004EBF0C /* Frameworks */ = {
			isa = PBXFrameworksBuildPhase;
			buildActionMask = 2147483647;
			files = (
			);
			runOnlyForDeploymentPostprocessing = 0;
		};
		A42254EC2BA3ABD3004EBF0C /* Frameworks */ = {
			isa = PBXFrameworksBuildPhase;
			buildActionMask = 2147483647;
			files = (
			);
			runOnlyForDeploymentPostprocessing = 0;
		};
/* End PBXFrameworksBuildPhase section */

/* Begin PBXGroup section */
		A42254C62BA3ABD1004EBF0C = {
			isa = PBXGroup;
			children = (
				A4D584902BB3375000C1814A /* Assets.xcassets */,
				A42E43962BA3E80D0090C4C3 /* Models */,
				A42254D12BA3ABD1004EBF0C /* IMP Calculator */,
				A42254E82BA3ABD3004EBF0C /* IMP CalculatorTests */,
				A42254F22BA3ABD3004EBF0C /* IMP CalculatorUITests */,
				A42254D02BA3ABD1004EBF0C /* Products */,
			);
			sourceTree = "<group>";
		};
		A42254D02BA3ABD1004EBF0C /* Products */ = {
			isa = PBXGroup;
			children = (
				A42254CF2BA3ABD1004EBF0C /* IMP Calculator.app */,
				A42254E52BA3ABD3004EBF0C /* IMP CalculatorTests.xctest */,
				A42254EF2BA3ABD3004EBF0C /* IMP CalculatorUITests.xctest */,
			);
			name = Products;
			sourceTree = "<group>";
		};
		A42254D12BA3ABD1004EBF0C /* IMP Calculator */ = {
			isa = PBXGroup;
			children = (
				A42254D22BA3ABD1004EBF0C /* AppDelegate.swift */,
				A42254D42BA3ABD1004EBF0C /* SceneDelegate.swift */,
				A42254D62BA3ABD1004EBF0C /* ViewController.swift */,
				A42254D82BA3ABD1004EBF0C /* Main.storyboard */,
				A42E43992BA3F9390090C4C3 /* Base.lproj */,
				A42E439C2BA3F9AD0090C4C3 /* Base.lproj */,
				A42254DD2BA3ABD2004EBF0C /* LaunchScreen.storyboard */,
				A42254E02BA3ABD2004EBF0C /* Info.plist */,
			);
			path = "IMP Calculator";
			sourceTree = "<group>";
		};
		A42254E82BA3ABD3004EBF0C /* IMP CalculatorTests */ = {
			isa = PBXGroup;
			children = (
				A42254E92BA3ABD3004EBF0C /* IMP_CalculatorTests.swift */,
			);
			path = "IMP CalculatorTests";
			sourceTree = "<group>";
		};
		A42254F22BA3ABD3004EBF0C /* IMP CalculatorUITests */ = {
			isa = PBXGroup;
			children = (
				A42E43A42BA3FBFE0090C4C3 /* Assets.xcassets */,
				A4DECC0F2BB224820029CBDD /* Assets.xcassets */,
				A42254F32BA3ABD3004EBF0C /* IMP_CalculatorUITests.swift */,
				A42254F52BA3ABD3004EBF0C /* IMP_CalculatorUITestsLaunchTests.swift */,
			);
			path = "IMP CalculatorUITests";
			sourceTree = "<group>";
		};
		A42E43962BA3E80D0090C4C3 /* Models */ = {
			isa = PBXGroup;
			children = (
				A42E43942BA3E80D0090C4C3 /* CalculatorBrain.swift */,
				A42E43952BA3E80D0090C4C3 /* Tables.swift */,
			);
			path = Models;
			sourceTree = "<group>";
		};
		A42E43992BA3F9390090C4C3 /* Base.lproj */ = {
			isa = PBXGroup;
			children = (
			);
			name = Base.lproj;
			path = ../../IMPBridge/IMPBridge/Base.lproj;
			sourceTree = "<group>";
		};
		A42E439C2BA3F9AD0090C4C3 /* Base.lproj */ = {
			isa = PBXGroup;
			children = (
			);
			name = Base.lproj;
			path = ../../IMPBridge/IMPBridge/Base.lproj;
			sourceTree = "<group>";
		};
/* End PBXGroup section */

/* Begin PBXNativeTarget section */
		A42254CE2BA3ABD1004EBF0C /* IMP Calculator */ = {
			isa = PBXNativeTarget;
			buildConfigurationList = A42254F92BA3ABD3004EBF0C /* Build configuration list for PBXNativeTarget "IMP Calculator" */;
			buildPhases = (
				A42254CB2BA3ABD1004EBF0C /* Sources */,
				A42254CC2BA3ABD1004EBF0C /* Frameworks */,
				A42254CD2BA3ABD1004EBF0C /* Resources */,
			);
			buildRules = (
			);
			dependencies = (
			);
			name = "IMP Calculator";
			productName = "IMP Calculator";
			productReference = A42254CF2BA3ABD1004EBF0C /* IMP Calculator.app */;
			productType = "com.apple.product-type.application";
		};
		A42254E42BA3ABD3004EBF0C /* IMP CalculatorTests */ = {
			isa = PBXNativeTarget;
			buildConfigurationList = A42254FC2BA3ABD3004EBF0C /* Build configuration list for PBXNativeTarget "IMP CalculatorTests" */;
			buildPhases = (
				A42254E12BA3ABD3004EBF0C /* Sources */,
				A42254E22BA3ABD3004EBF0C /* Frameworks */,
				A42254E32BA3ABD3004EBF0C /* Resources */,
			);
			buildRules = (
			);
			dependencies = (
				A42254E72BA3ABD3004EBF0C /* PBXTargetDependency */,
			);
			name = "IMP CalculatorTests";
			productName = "IMP CalculatorTests";
			productReference = A42254E52BA3ABD3004EBF0C /* IMP CalculatorTests.xctest */;
			productType = "com.apple.product-type.bundle.unit-test";
		};
		A42254EE2BA3ABD3004EBF0C /* IMP CalculatorUITests */ = {
			isa = PBXNativeTarget;
			buildConfigurationList = A42254FF2BA3ABD3004EBF0C /* Build configuration list for PBXNativeTarget "IMP CalculatorUITests" */;
			buildPhases = (
				A42254EB2BA3ABD3004EBF0C /* Sources */,
				A42254EC2BA3ABD3004EBF0C /* Frameworks */,
				A42254ED2BA3ABD3004EBF0C /* Resources */,
			);
			buildRules = (
			);
			dependencies = (
				A42254F12BA3ABD3004EBF0C /* PBXTargetDependency */,
			);
			name = "IMP CalculatorUITests";
			productName = "IMP CalculatorUITests";
			productReference = A42254EF2BA3ABD3004EBF0C /* IMP CalculatorUITests.xctest */;
			productType = "com.apple.product-type.bundle.ui-testing";
		};
/* End PBXNativeTarget section */

/* Begin PBXProject section */
		A42254C72BA3ABD1004EBF0C /* Project object */ = {
			isa = PBXProject;
			attributes = {
				BuildIndependentTargetsInParallel = 1;
				LastSwiftUpdateCheck = 1530;
				LastUpgradeCheck = 1530;
				TargetAttributes = {
					A42254CE2BA3ABD1004EBF0C = {
						CreatedOnToolsVersion = 15.3;
					};
					A42254E42BA3ABD3004EBF0C = {
						CreatedOnToolsVersion = 15.3;
						TestTargetID = A42254CE2BA3ABD1004EBF0C;
					};
					A42254EE2BA3ABD3004EBF0C = {
						CreatedOnToolsVersion = 15.3;
						TestTargetID = A42254CE2BA3ABD1004EBF0C;
					};
				};
			};
			buildConfigurationList = A42254CA2BA3ABD1004EBF0C /* Build configuration list for PBXProject "IMP Calculator" */;
			compatibilityVersion = "Xcode 14.0";
			developmentRegion = en;
			hasScannedForEncodings = 0;
			knownRegions = (
				en,
				Base,
			);
			mainGroup = A42254C62BA3ABD1004EBF0C;
			productRefGroup = A42254D02BA3ABD1004EBF0C /* Products */;
			projectDirPath = "";
			projectRoot = "";
			targets = (
				A42254CE2BA3ABD1004EBF0C /* IMP Calculator */,
				A42254E42BA3ABD3004EBF0C /* IMP CalculatorTests */,
				A42254EE2BA3ABD3004EBF0C /* IMP CalculatorUITests */,
			);
		};
/* End PBXProject section */

/* Begin PBXResourcesBuildPhase section */
		A42254CD2BA3ABD1004EBF0C /* Resources */ = {
			isa = PBXResourcesBuildPhase;
			buildActionMask = 2147483647;
			files = (
				A42254DF2BA3ABD2004EBF0C /* Base in Resources */,
				A42254DA2BA3ABD1004EBF0C /* Base in Resources */,
				A4D584912BB3375000C1814A /* Assets.xcassets in Resources */,
			);
			runOnlyForDeploymentPostprocessing = 0;
		};
		A42254E32BA3ABD3004EBF0C /* Resources */ = {
			isa = PBXResourcesBuildPhase;
			buildActionMask = 2147483647;
			files = (
			);
			runOnlyForDeploymentPostprocessing = 0;
		};
		A42254ED2BA3ABD3004EBF0C /* Resources */ = {
			isa = PBXResourcesBuildPhase;
			buildActionMask = 2147483647;
			files = (
				A42E43A52BA3FBFE0090C4C3 /* Assets.xcassets in Resources */,
			);
			runOnlyForDeploymentPostprocessing = 0;
		};
/* End PBXResourcesBuildPhase section */

/* Begin PBXSourcesBuildPhase section */
		A42254CB2BA3ABD1004EBF0C /* Sources */ = {
			isa = PBXSourcesBuildPhase;
			buildActionMask = 2147483647;
			files = (
				A42E43982BA3E80D0090C4C3 /* Tables.swift in Sources */,
				A42254D72BA3ABD1004EBF0C /* ViewController.swift in Sources */,
				A42254D32BA3ABD1004EBF0C /* AppDelegate.swift in Sources */,
				A42E43972BA3E80D0090C4C3 /* CalculatorBrain.swift in Sources */,
				A42254D52BA3ABD1004EBF0C /* SceneDelegate.swift in Sources */,
			);
			runOnlyForDeploymentPostprocessing = 0;
		};
		A42254E12BA3ABD3004EBF0C /* Sources */ = {
			isa = PBXSourcesBuildPhase;
			buildActionMask = 2147483647;
			files = (
				A4D5848F2BB3340300C1814A /* ViewController.swift in Sources */,
				A42254EA2BA3ABD3004EBF0C /* IMP_CalculatorTests.swift in Sources */,
			);
			runOnlyForDeploymentPostprocessing = 0;
		};
		A42254EB2BA3ABD3004EBF0C /* Sources */ = {
			isa = PBXSourcesBuildPhase;
			buildActionMask = 2147483647;
			files = (
				A4D5848E2BB3340300C1814A /* ViewController.swift in Sources */,
				A42254F42BA3ABD3004EBF0C /* IMP_CalculatorUITests.swift in Sources */,
				A42254F62BA3ABD3004EBF0C /* IMP_CalculatorUITestsLaunchTests.swift in Sources */,
			);
			runOnlyForDeploymentPostprocessing = 0;
		};
/* End PBXSourcesBuildPhase section */

/* Begin PBXTargetDependency section */
		A42254E72BA3ABD3004EBF0C /* PBXTargetDependency */ = {
			isa = PBXTargetDependency;
			target = A42254CE2BA3ABD1004EBF0C /* IMP Calculator */;
			targetProxy = A42254E62BA3ABD3004EBF0C /* PBXContainerItemProxy */;
		};
		A42254F12BA3ABD3004EBF0C /* PBXTargetDependency */ = {
			isa = PBXTargetDependency;
			target = A42254CE2BA3ABD1004EBF0C /* IMP Calculator */;
			targetProxy = A42254F02BA3ABD3004EBF0C /* PBXContainerItemProxy */;
		};
/* End PBXTargetDependency section */

/* Begin PBXVariantGroup section */
		A42254D82BA3ABD1004EBF0C /* Main.storyboard */ = {
			isa = PBXVariantGroup;
			children = (
				A42254D92BA3ABD1004EBF0C /* Base */,
			);
			name = Main.storyboard;
			sourceTree = "<group>";
		};
		A42254DD2BA3ABD2004EBF0C /* LaunchScreen.storyboard */ = {
			isa = PBXVariantGroup;
			children = (
				A42254DE2BA3ABD2004EBF0C /* Base */,
			);
			name = LaunchScreen.storyboard;
			sourceTree = "<group>";
		};
/* End PBXVariantGroup section */

/* Begin XCBuildConfiguration section */
		A42254F72BA3ABD3004EBF0C /* Debug */ = {
			isa = XCBuildConfiguration;
			buildSettings = {
				ALWAYS_SEARCH_USER_PATHS = NO;
				ASSETCATALOG_COMPILER_GENERATE_SWIFT_ASSET_SYMBOL_EXTENSIONS = YES;
				CLANG_ANALYZER_NONNULL = YES;
				CLANG_ANALYZER_NUMBER_OBJECT_CONVERSION = YES_AGGRESSIVE;
				CLANG_CXX_LANGUAGE_STANDARD = "gnu++20";
				CLANG_ENABLE_MODULES = YES;
				CLANG_ENABLE_OBJC_ARC = YES;
				CLANG_ENABLE_OBJC_WEAK = YES;
				CLANG_WARN_BLOCK_CAPTURE_AUTORELEASING = YES;
				CLANG_WARN_BOOL_CONVERSION = YES;
				CLANG_WARN_COMMA = YES;
				CLANG_WARN_CONSTANT_CONVERSION = YES;
				CLANG_WARN_DEPRECATED_OBJC_IMPLEMENTATIONS = YES;
				CLANG_WARN_DIRECT_OBJC_ISA_USAGE = YES_ERROR;
				CLANG_WARN_DOCUMENTATION_COMMENTS = YES;
				CLANG_WARN_EMPTY_BODY = YES;
				CLANG_WARN_ENUM_CONVERSION = YES;
				CLANG_WARN_INFINITE_RECURSION = YES;
				CLANG_WARN_INT_CONVERSION = YES;
				CLANG_WARN_NON_LITERAL_NULL_CONVERSION = YES;
				CLANG_WARN_OBJC_IMPLICIT_RETAIN_SELF = YES;
				CLANG_WARN_OBJC_LITERAL_CONVERSION = YES;
				CLANG_WARN_OBJC_ROOT_CLASS = YES_ERROR;
				CLANG_WARN_QUOTED_INCLUDE_IN_FRAMEWORK_HEADER = YES;
				CLANG_WARN_RANGE_LOOP_ANALYSIS = YES;
				CLANG_WARN_STRICT_PROTOTYPES = YES;
				CLANG_WARN_SUSPICIOUS_MOVE = YES;
				CLANG_WARN_UNGUARDED_AVAILABILITY = YES_AGGRESSIVE;
				CLANG_WARN_UNREACHABLE_CODE = YES;
				CLANG_WARN__DUPLICATE_METHOD_MATCH = YES;
				COPY_PHASE_STRIP = NO;
				DEBUG_INFORMATION_FORMAT = dwarf;
				ENABLE_STRICT_OBJC_MSGSEND = YES;
				ENABLE_TESTABILITY = YES;
				ENABLE_USER_SCRIPT_SANDBOXING = YES;
				GCC_C_LANGUAGE_STANDARD = gnu17;
				GCC_DYNAMIC_NO_PIC = NO;
				GCC_NO_COMMON_BLOCKS = YES;
				GCC_OPTIMIZATION_LEVEL = 0;
				GCC_PREPROCESSOR_DEFINITIONS = (
					"DEBUG=1",
					"$(inherited)",
				);
				GCC_WARN_64_TO_32_BIT_CONVERSION = YES;
				GCC_WARN_ABOUT_RETURN_TYPE = YES_ERROR;
				GCC_WARN_UNDECLARED_SELECTOR = YES;
				GCC_WARN_UNINITIALIZED_AUTOS = YES_AGGRESSIVE;
				GCC_WARN_UNUSED_FUNCTION = YES;
				GCC_WARN_UNUSED_VARIABLE = YES;
				IPHONEOS_DEPLOYMENT_TARGET = 17.4;
				LOCALIZATION_PREFERS_STRING_CATALOGS = YES;
				MTL_ENABLE_DEBUG_INFO = INCLUDE_SOURCE;
				MTL_FAST_MATH = YES;
				ONLY_ACTIVE_ARCH = YES;
				SDKROOT = iphoneos;
				SWIFT_ACTIVE_COMPILATION_CONDITIONS = "DEBUG $(inherited)";
				SWIFT_OPTIMIZATION_LEVEL = "-Onone";
			};
			name = Debug;
		};
		A42254F82BA3ABD3004EBF0C /* Release */ = {
			isa = XCBuildConfiguration;
			buildSettings = {
				ALWAYS_SEARCH_USER_PATHS = NO;
				ASSETCATALOG_COMPILER_GENERATE_SWIFT_ASSET_SYMBOL_EXTENSIONS = YES;
				CLANG_ANALYZER_NONNULL = YES;
				CLANG_ANALYZER_NUMBER_OBJECT_CONVERSION = YES_AGGRESSIVE;
				CLANG_CXX_LANGUAGE_STANDARD = "gnu++20";
				CLANG_ENABLE_MODULES = YES;
				CLANG_ENABLE_OBJC_ARC = YES;
				CLANG_ENABLE_OBJC_WEAK = YES;
				CLANG_WARN_BLOCK_CAPTURE_AUTORELEASING = YES;
				CLANG_WARN_BOOL_CONVERSION = YES;
				CLANG_WARN_COMMA = YES;
				CLANG_WARN_CONSTANT_CONVERSION = YES;
				CLANG_WARN_DEPRECATED_OBJC_IMPLEMENTATIONS = YES;
				CLANG_WARN_DIRECT_OBJC_ISA_USAGE = YES_ERROR;
				CLANG_WARN_DOCUMENTATION_COMMENTS = YES;
				CLANG_WARN_EMPTY_BODY = YES;
				CLANG_WARN_ENUM_CONVERSION = YES;
				CLANG_WARN_INFINITE_RECURSION = YES;
				CLANG_WARN_INT_CONVERSION = YES;
				CLANG_WARN_NON_LITERAL_NULL_CONVERSION = YES;
				CLANG_WARN_OBJC_IMPLICIT_RETAIN_SELF = YES;
				CLANG_WARN_OBJC_LITERAL_CONVERSION = YES;
				CLANG_WARN_OBJC_ROOT_CLASS = YES_ERROR;
				CLANG_WARN_QUOTED_INCLUDE_IN_FRAMEWORK_HEADER = YES;
				CLANG_WARN_RANGE_LOOP_ANALYSIS = YES;
				CLANG_WARN_STRICT_PROTOTYPES = YES;
				CLANG_WARN_SUSPICIOUS_MOVE = YES;
				CLANG_WARN_UNGUARDED_AVAILABILITY = YES_AGGRESSIVE;
				CLANG_WARN_UNREACHABLE_CODE = YES;
				CLANG_WARN__DUPLICATE_METHOD_MATCH = YES;
				COPY_PHASE_STRIP = NO;
				DEBUG_INFORMATION_FORMAT = "dwarf-with-dsym";
				ENABLE_NS_ASSERTIONS = NO;
				ENABLE_STRICT_OBJC_MSGSEND = YES;
				ENABLE_USER_SCRIPT_SANDBOXING = YES;
				GCC_C_LANGUAGE_STANDARD = gnu17;
				GCC_NO_COMMON_BLOCKS = YES;
				GCC_WARN_64_TO_32_BIT_CONVERSION = YES;
				GCC_WARN_ABOUT_RETURN_TYPE = YES_ERROR;
				GCC_WARN_UNDECLARED_SELECTOR = YES;
				GCC_WARN_UNINITIALIZED_AUTOS = YES_AGGRESSIVE;
				GCC_WARN_UNUSED_FUNCTION = YES;
				GCC_WARN_UNUSED_VARIABLE = YES;
				IPHONEOS_DEPLOYMENT_TARGET = 17.4;
				LOCALIZATION_PREFERS_STRING_CATALOGS = YES;
				MTL_ENABLE_DEBUG_INFO = NO;
				MTL_FAST_MATH = YES;
				SDKROOT = iphoneos;
				SWIFT_COMPILATION_MODE = wholemodule;
				VALIDATE_PRODUCT = YES;
			};
			name = Release;
		};
		A42254FA2BA3ABD3004EBF0C /* Debug */ = {
			isa = XCBuildConfiguration;
			buildSettings = {
				ASSETCATALOG_COMPILER_APPICON_NAME = AppIcon;
				ASSETCATALOG_COMPILER_GLOBAL_ACCENT_COLOR_NAME = AccentColor;
				ASSETCATALOG_COMPILER_INCLUDE_ALL_APPICON_ASSETS = YES;
				CODE_SIGN_STYLE = Automatic;
				CURRENT_PROJECT_VERSION = 1;
				DEVELOPMENT_TEAM = QGRR695L8T;
				GENERATE_INFOPLIST_FILE = YES;
				INFOPLIST_FILE = "IMP Calculator/Info.plist";
				INFOPLIST_KEY_CFBundleDisplayName = "Simple IMP Calculator";
				INFOPLIST_KEY_UIApplicationSupportsIndirectInputEvents = YES;
				INFOPLIST_KEY_UILaunchStoryboardName = LaunchScreen;
				INFOPLIST_KEY_UIMainStoryboardFile = Main;
				INFOPLIST_KEY_UISupportedInterfaceOrientations = UIInterfaceOrientationPortrait;
				IPHONEOS_DEPLOYMENT_TARGET = 15;
				LD_RUNPATH_SEARCH_PATHS = (
					"$(inherited)",
					"@executable_path/Frameworks",
				);
				MARKETING_VERSION = 1.0;
				PRODUCT_BUNDLE_IDENTIFIER = "com.panstate.IMP-Calculator";
				PRODUCT_NAME = "$(TARGET_NAME)";
				SUPPORTED_PLATFORMS = "iphoneos iphonesimulator";
				SUPPORTS_MACCATALYST = NO;
				SUPPORTS_MAC_DESIGNED_FOR_IPHONE_IPAD = NO;
				SUPPORTS_XR_DESIGNED_FOR_IPHONE_IPAD = NO;
				SWIFT_EMIT_LOC_STRINGS = YES;
				SWIFT_VERSION = 5.0;
				TARGETED_DEVICE_FAMILY = 1;
			};
			name = Debug;
		};
		A42254FB2BA3ABD3004EBF0C /* Release */ = {
			isa = XCBuildConfiguration;
			buildSettings = {
				ASSETCATALOG_COMPILER_APPICON_NAME = AppIcon;
				ASSETCATALOG_COMPILER_GLOBAL_ACCENT_COLOR_NAME = AccentColor;
				ASSETCATALOG_COMPILER_INCLUDE_ALL_APPICON_ASSETS = YES;
				CODE_SIGN_STYLE = Automatic;
				CURRENT_PROJECT_VERSION = 1;
				DEVELOPMENT_TEAM = QGRR695L8T;
				GENERATE_INFOPLIST_FILE = YES;
				INFOPLIST_FILE = "IMP Calculator/Info.plist";
				INFOPLIST_KEY_CFBundleDisplayName = "Simple IMP Calculator";
				INFOPLIST_KEY_UIApplicationSupportsIndirectInputEvents = YES;
				INFOPLIST_KEY_UILaunchStoryboardName = LaunchScreen;
				INFOPLIST_KEY_UIMainStoryboardFile = Main;
				INFOPLIST_KEY_UISupportedInterfaceOrientations = UIInterfaceOrientationPortrait;
				IPHONEOS_DEPLOYMENT_TARGET = 15;
				LD_RUNPATH_SEARCH_PATHS = (
					"$(inherited)",
					"@executable_path/Frameworks",
				);
				MARKETING_VERSION = 1.0;
				PRODUCT_BUNDLE_IDENTIFIER = "com.panstate.IMP-Calculator";
				PRODUCT_NAME = "$(TARGET_NAME)";
				SUPPORTED_PLATFORMS = "iphoneos iphonesimulator";
				SUPPORTS_MACCATALYST = NO;
				SUPPORTS_MAC_DESIGNED_FOR_IPHONE_IPAD = NO;
				SUPPORTS_XR_DESIGNED_FOR_IPHONE_IPAD = NO;
				SWIFT_EMIT_LOC_STRINGS = YES;
				SWIFT_VERSION = 5.0;
				TARGETED_DEVICE_FAMILY = 1;
			};
			name = Release;
		};
		A42254FD2BA3ABD3004EBF0C /* Debug */ = {
			isa = XCBuildConfiguration;
			buildSettings = {
				ALWAYS_EMBED_SWIFT_STANDARD_LIBRARIES = YES;
				BUNDLE_LOADER = "$(TEST_HOST)";
				CODE_SIGN_STYLE = Automatic;
				CURRENT_PROJECT_VERSION = 1;
				DEVELOPMENT_TEAM = QGRR695L8T;
				GENERATE_INFOPLIST_FILE = YES;
				IPHONEOS_DEPLOYMENT_TARGET = 17.4;
				MARKETING_VERSION = 1.0;
				PRODUCT_BUNDLE_IDENTIFIER = "com.panstate.IMP-CalculatorTests";
				PRODUCT_NAME = "$(TARGET_NAME)";
				SWIFT_EMIT_LOC_STRINGS = NO;
				SWIFT_VERSION = 5.0;
				TARGETED_DEVICE_FAMILY = "1,2";
				TEST_HOST = "$(BUILT_PRODUCTS_DIR)/IMP Calculator.app/$(BUNDLE_EXECUTABLE_FOLDER_PATH)/IMP Calculator";
			};
			name = Debug;
		};
		A42254FE2BA3ABD3004EBF0C /* Release */ = {
			isa = XCBuildConfiguration;
			buildSettings = {
				ALWAYS_EMBED_SWIFT_STANDARD_LIBRARIES = YES;
				BUNDLE_LOADER = "$(TEST_HOST)";
				CODE_SIGN_STYLE = Automatic;
				CURRENT_PROJECT_VERSION = 1;
				DEVELOPMENT_TEAM = QGRR695L8T;
				GENERATE_INFOPLIST_FILE = YES;
				IPHONEOS_DEPLOYMENT_TARGET = 17.4;
				MARKETING_VERSION = 1.0;
				PRODUCT_BUNDLE_IDENTIFIER = "com.panstate.IMP-CalculatorTests";
				PRODUCT_NAME = "$(TARGET_NAME)";
				SWIFT_EMIT_LOC_STRINGS = NO;
				SWIFT_VERSION = 5.0;
				TARGETED_DEVICE_FAMILY = "1,2";
				TEST_HOST = "$(BUILT_PRODUCTS_DIR)/IMP Calculator.app/$(BUNDLE_EXECUTABLE_FOLDER_PATH)/IMP Calculator";
			};
			name = Release;
		};
		A42255002BA3ABD3004EBF0C /* Debug */ = {
			isa = XCBuildConfiguration;
			buildSettings = {
				ALWAYS_EMBED_SWIFT_STANDARD_LIBRARIES = YES;
				CODE_SIGN_STYLE = Automatic;
				CURRENT_PROJECT_VERSION = 1;
				DEVELOPMENT_TEAM = QGRR695L8T;
				GENERATE_INFOPLIST_FILE = YES;
				MARKETING_VERSION = 1.0;
				PRODUCT_BUNDLE_IDENTIFIER = "com.panstate.IMP-CalculatorUITests";
				PRODUCT_NAME = "$(TARGET_NAME)";
				SWIFT_EMIT_LOC_STRINGS = NO;
				SWIFT_VERSION = 5.0;
				TARGETED_DEVICE_FAMILY = "1,2";
				TEST_TARGET_NAME = "IMP Calculator";
			};
			name = Debug;
		};
		A42255012BA3ABD3004EBF0C /* Release */ = {
			isa = XCBuildConfiguration;
			buildSettings = {
				ALWAYS_EMBED_SWIFT_STANDARD_LIBRARIES = YES;
				CODE_SIGN_STYLE = Automatic;
				CURRENT_PROJECT_VERSION = 1;
				DEVELOPMENT_TEAM = QGRR695L8T;
				GENERATE_INFOPLIST_FILE = YES;
				MARKETING_VERSION = 1.0;
				PRODUCT_BUNDLE_IDENTIFIER = "com.panstate.IMP-CalculatorUITests";
				PRODUCT_NAME = "$(TARGET_NAME)";
				SWIFT_EMIT_LOC_STRINGS = NO;
				SWIFT_VERSION = 5.0;
				TARGETED_DEVICE_FAMILY = "1,2";
				TEST_TARGET_NAME = "IMP Calculator";
			};
			name = Release;
		};
/* End XCBuildConfiguration section */

/* Begin XCConfigurationList section */
		A42254CA2BA3ABD1004EBF0C /* Build configuration list for PBXProject "IMP Calculator" */ = {
			isa = XCConfigurationList;
			buildConfigurations = (
				A42254F72BA3ABD3004EBF0C /* Debug */,
				A42254F82BA3ABD3004EBF0C /* Release */,
			);
			defaultConfigurationIsVisible = 0;
			defaultConfigurationName = Release;
		};
		A42254F92BA3ABD3004EBF0C /* Build configuration list for PBXNativeTarget "IMP Calculator" */ = {
			isa = XCConfigurationList;
			buildConfigurations = (
				A42254FA2BA3ABD3004EBF0C /* Debug */,
				A42254FB2BA3ABD3004EBF0C /* Release */,
			);
			defaultConfigurationIsVisible = 0;
			defaultConfigurationName = Release;
		};
		A42254FC2BA3ABD3004EBF0C /* Build configuration list for PBXNativeTarget "IMP CalculatorTests" */ = {
			isa = XCConfigurationList;
			buildConfigurations = (
				A42254FD2BA3ABD3004EBF0C /* Debug */,
				A42254FE2BA3ABD3004EBF0C /* Release */,
			);
			defaultConfigurationIsVisible = 0;
			defaultConfigurationName = Release;
		};
		A42254FF2BA3ABD3004EBF0C /* Build configuration list for PBXNativeTarget "IMP CalculatorUITests" */ = {
			isa = XCConfigurationList;
			buildConfigurations = (
				A42255002BA3ABD3004EBF0C /* Debug */,
				A42255012BA3ABD3004EBF0C /* Release */,
			);
			defaultConfigurationIsVisible = 0;
			defaultConfigurationName = Release;
		};
/* End XCConfigurationList section */
	};
	rootObject = A42254C72BA3ABD1004EBF0C /* Project object */;
}
